
Microsoft Visual Studio Solution File, Format Version 12.00
# Visual Studio Version 17
VisualStudioVersion = 17.3.32825.248
MinimumVisualStudioVersion = 10.0.40219.1
Project("{FAE04EC0-301F-11D3-BF4B-00C04F79EFBC}") = "Entities", "Entities\Entities.csproj", "{5B3639D0-AC6B-49D7-A8F4-7A75B17AF6B5}"
EndProject
Project("{FAE04EC0-301F-11D3-BF4B-00C04F79EFBC}") = "DataAccess", "DataAccess\DataAccess.csproj", "{A60142ED-6EDA-4B34-ABCD-24D3F53BCD34}"
EndProject
Project("{FAE04EC0-301F-11D3-BF4B-00C04F79EFBC}") = "ConsoleUI", "ConsoleUI\ConsoleUI.csproj", "{E03AB9CB-C59A-4634-AC68-0C383488F7DA}"
EndProject
Project("{FAE04EC0-301F-11D3-BF4B-00C04F79EFBC}") = "Business", "Business\Business.csproj", "{DB567402-1650-4D67-93B3-BA14366E0B38}"
EndProject
Global
	GlobalSection(SolutionConfigurationPlatforms) = preSolution
		Debug|Any CPU = Debug|Any CPU
		Release|Any CPU = Release|Any CPU
	EndGlobalSection
	GlobalSection(ProjectConfigurationPlatforms) = postSolution
		{5B3639D0-AC6B-49D7-A8F4-7A75B17AF6B5}.Debug|Any CPU.ActiveCfg = Debug|Any CPU
		{5B3639D0-AC6B-49D7-A8F4-7A75B17AF6B5}.Debug|Any CPU.Build.0 = Debug|Any CPU
		{5B3639D0-AC6B-49D7-A8F4-7A75B17AF6B5}.Release|Any CPU.ActiveCfg = Release|Any CPU
		{5B3639D0-AC6B-49D7-A8F4-7A75B17AF6B5}.Release|Any CPU.Build.0 = Release|Any CPU
		{A60142ED-6EDA-4B34-ABCD-24D3F53BCD34}.Debug|Any CPU.ActiveCfg = Debug|Any CPU
		{A60142ED-6EDA-4B34-ABCD-24D3F53BCD34}.Debug|Any CPU.Build.0 = Debug|Any CPU
		{A60142ED-6EDA-4B34-ABCD-24D3F53BCD34}.Release|Any CPU.ActiveCfg = Release|Any CPU
		{A60142ED-6EDA-4B34-ABCD-24D3F53BCD34}.Release|Any CPU.Build.0 = Release|Any CPU
		{E03AB9CB-C59A-4634-AC68-0C383488F7DA}.Debug|Any CPU.ActiveCfg = Debug|Any CPU
		{E03AB9CB-C59A-4634-AC68-0C383488F7DA}.Debug|Any CPU.Build.0 = Debug|Any CPU
		{E03AB9CB-C59A-4634-AC68-0C383488F7DA}.Release|Any CPU.ActiveCfg = Release|Any CPU
		{E03AB9CB-C59A-4634-AC68-0C383488F7DA}.Release|Any CPU.Build.0 = Release|Any CPU
		{DB567402-1650-4D67-93B3-BA14366E0B38}.Debug|Any CPU.ActiveCfg = Debug|Any CPU
		{DB567402-1650-4D67-93B3-BA14366E0B38}.Debug|Any CPU.Build.0 = Debug|Any CPU
		{DB567402-1650-4D67-93B3-BA14366E0B38}.Release|Any CPU.ActiveCfg = Release|Any CPU
		{DB567402-1650-4D67-93B3-BA14366E0B38}.Release|Any CPU.Build.0 = Release|Any CPU
	EndGlobalSection
	GlobalSection(SolutionProperties) = preSolution
		HideSolutionNode = FALSE
	EndGlobalSection
	GlobalSection(ExtensibilityGlobals) = postSolution
		SolutionGuid = {1F235135-EC27-4239-B43F-B1FE3D575B03}
	EndGlobalSection
EndGlobal
