
Microsoft Visual Studio Solution File, Format Version 12.00
# Visual Studio Version 17
VisualStudioVersion = 17.3.32825.248
MinimumVisualStudioVersion = 10.0.40219.1
Project("{FAE04EC0-301F-11D3-BF4B-00C04F79EFBC}") = "Entities", "Entities\Entities.csproj", "{8E3CDBA7-6FA6-4477-A2BA-7C0277430A57}"
EndProject
Project("{FAE04EC0-301F-11D3-BF4B-00C04F79EFBC}") = "DataAccess", "DataAccess\DataAccess.csproj", "{6CB7C672-9CB3-4F4C-95EC-89DEE55F6BE3}"
EndProject
Project("{FAE04EC0-301F-11D3-BF4B-00C04F79EFBC}") = "Core", "Core\Core.csproj", "{AF6F0929-D5F8-4EFD-8785-8C0EE5B97321}"
EndProject
Project("{FAE04EC0-301F-11D3-BF4B-00C04F79EFBC}") = "ConsoleUI", "ConsoleUI\ConsoleUI.csproj", "{C391A9E5-071D-416B-B784-4021DECF6524}"
EndProject
Project("{FAE04EC0-301F-11D3-BF4B-00C04F79EFBC}") = "Business", "Business\Business.csproj", "{E0454815-91D1-4755-9CCA-BC1E0D4A0966}"
EndProject
Global
	GlobalSection(SolutionConfigurationPlatforms) = preSolution
		Debug|Any CPU = Debug|Any CPU
		Release|Any CPU = Release|Any CPU
	EndGlobalSection
	GlobalSection(ProjectConfigurationPlatforms) = postSolution
		{8E3CDBA7-6FA6-4477-A2BA-7C0277430A57}.Debug|Any CPU.ActiveCfg = Debug|Any CPU
		{8E3CDBA7-6FA6-4477-A2BA-7C0277430A57}.Debug|Any CPU.Build.0 = Debug|Any CPU
		{8E3CDBA7-6FA6-4477-A2BA-7C0277430A57}.Release|Any CPU.ActiveCfg = Release|Any CPU
		{8E3CDBA7-6FA6-4477-A2BA-7C0277430A57}.Release|Any CPU.Build.0 = Release|Any CPU
		{6CB7C672-9CB3-4F4C-95EC-89DEE55F6BE3}.Debug|Any CPU.ActiveCfg = Debug|Any CPU
		{6CB7C672-9CB3-4F4C-95EC-89DEE55F6BE3}.Debug|Any CPU.Build.0 = Debug|Any CPU
		{6CB7C672-9CB3-4F4C-95EC-89DEE55F6BE3}.Release|Any CPU.ActiveCfg = Release|Any CPU
		{6CB7C672-9CB3-4F4C-95EC-89DEE55F6BE3}.Release|Any CPU.Build.0 = Release|Any CPU
		{AF6F0929-D5F8-4EFD-8785-8C0EE5B97321}.Debug|Any CPU.ActiveCfg = Debug|Any CPU
		{AF6F0929-D5F8-4EFD-8785-8C0EE5B97321}.Debug|Any CPU.Build.0 = Debug|Any CPU
		{AF6F0929-D5F8-4EFD-8785-8C0EE5B97321}.Release|Any CPU.ActiveCfg = Release|Any CPU
		{AF6F0929-D5F8-4EFD-8785-8C0EE5B97321}.Release|Any CPU.Build.0 = Release|Any CPU
		{C391A9E5-071D-416B-B784-4021DECF6524}.Debug|Any CPU.ActiveCfg = Debug|Any CPU
		{C391A9E5-071D-416B-B784-4021DECF6524}.Debug|Any CPU.Build.0 = Debug|Any CPU
		{C391A9E5-071D-416B-B784-4021DECF6524}.Release|Any CPU.ActiveCfg = Release|Any CPU
		{C391A9E5-071D-416B-B784-4021DECF6524}.Release|Any CPU.Build.0 = Release|Any CPU
		{E0454815-91D1-4755-9CCA-BC1E0D4A0966}.Debug|Any CPU.ActiveCfg = Debug|Any CPU
		{E0454815-91D1-4755-9CCA-BC1E0D4A0966}.Debug|Any CPU.Build.0 = Debug|Any CPU
		{E0454815-91D1-4755-9CCA-BC1E0D4A0966}.Release|Any CPU.ActiveCfg = Release|Any CPU
		{E0454815-91D1-4755-9CCA-BC1E0D4A0966}.Release|Any CPU.Build.0 = Release|Any CPU
	EndGlobalSection
	GlobalSection(SolutionProperties) = preSolution
		HideSolutionNode = FALSE
	EndGlobalSection
	GlobalSection(ExtensibilityGlobals) = postSolution
		SolutionGuid = {A3BE346E-147E-4B74-878A-2B2A1E11C5D7}
	EndGlobalSection
EndGlobal
