
Microsoft Visual Studio Solution File, Format Version 12.00
# Visual Studio Version 17
VisualStudioVersion = 17.3.32825.248
MinimumVisualStudioVersion = 10.0.40219.1
Project("{FAE04EC0-301F-11D3-BF4B-00C04F79EFBC}") = "Entities", "Entities\Entities.csproj", "{62DD53A6-589B-46CB-881D-C6D7DBDA99C2}"
EndProject
Project("{FAE04EC0-301F-11D3-BF4B-00C04F79EFBC}") = "DataAccess", "DataAccess\DataAccess.csproj", "{B32428C0-B230-4242-9721-43B5439D8580}"
EndProject
Project("{FAE04EC0-301F-11D3-BF4B-00C04F79EFBC}") = "ConsoleUI", "ConsoleUI\ConsoleUI.csproj", "{3D98D684-0B0E-4A97-B6FD-88D854FECAE0}"
EndProject
Project("{FAE04EC0-301F-11D3-BF4B-00C04F79EFBC}") = "Business", "Business\Business.csproj", "{39C2CEA5-0869-48ED-9B9D-547A29586050}"
EndProject
Global
	GlobalSection(SolutionConfigurationPlatforms) = preSolution
		Debug|Any CPU = Debug|Any CPU
		Release|Any CPU = Release|Any CPU
	EndGlobalSection
	GlobalSection(ProjectConfigurationPlatforms) = postSolution
		{62DD53A6-589B-46CB-881D-C6D7DBDA99C2}.Debug|Any CPU.ActiveCfg = Debug|Any CPU
		{62DD53A6-589B-46CB-881D-C6D7DBDA99C2}.Debug|Any CPU.Build.0 = Debug|Any CPU
		{62DD53A6-589B-46CB-881D-C6D7DBDA99C2}.Release|Any CPU.ActiveCfg = Release|Any CPU
		{62DD53A6-589B-46CB-881D-C6D7DBDA99C2}.Release|Any CPU.Build.0 = Release|Any CPU
		{B32428C0-B230-4242-9721-43B5439D8580}.Debug|Any CPU.ActiveCfg = Debug|Any CPU
		{B32428C0-B230-4242-9721-43B5439D8580}.Debug|Any CPU.Build.0 = Debug|Any CPU
		{B32428C0-B230-4242-9721-43B5439D8580}.Release|Any CPU.ActiveCfg = Release|Any CPU
		{B32428C0-B230-4242-9721-43B5439D8580}.Release|Any CPU.Build.0 = Release|Any CPU
		{3D98D684-0B0E-4A97-B6FD-88D854FECAE0}.Debug|Any CPU.ActiveCfg = Debug|Any CPU
		{3D98D684-0B0E-4A97-B6FD-88D854FECAE0}.Debug|Any CPU.Build.0 = Debug|Any CPU
		{3D98D684-0B0E-4A97-B6FD-88D854FECAE0}.Release|Any CPU.ActiveCfg = Release|Any CPU
		{3D98D684-0B0E-4A97-B6FD-88D854FECAE0}.Release|Any CPU.Build.0 = Release|Any CPU
		{39C2CEA5-0869-48ED-9B9D-547A29586050}.Debug|Any CPU.ActiveCfg = Debug|Any CPU
		{39C2CEA5-0869-48ED-9B9D-547A29586050}.Debug|Any CPU.Build.0 = Debug|Any CPU
		{39C2CEA5-0869-48ED-9B9D-547A29586050}.Release|Any CPU.ActiveCfg = Release|Any CPU
		{39C2CEA5-0869-48ED-9B9D-547A29586050}.Release|Any CPU.Build.0 = Release|Any CPU
	EndGlobalSection
	GlobalSection(SolutionProperties) = preSolution
		HideSolutionNode = FALSE
	EndGlobalSection
	GlobalSection(ExtensibilityGlobals) = postSolution
		SolutionGuid = {9858E335-E1D1-4220-9512-4EE38A43F893}
	EndGlobalSection
EndGlobal
